
Microsoft Visual Studio Solution File, Format Version 12.00
# Visual Studio Version 17
VisualStudioVersion = 17.4.33205.214
MinimumVisualStudioVersion = 10.0.40219.1
Project("{FAE04EC0-301F-11D3-BF4B-00C04F79EFBC}") = "PROIECT_SESIUNE_VINURI", "PROIECT_SESIUNE_VINURI.csproj", "{EFBBE335-819A-436C-8793-D4743A05C427}"
EndProject
Global
	GlobalSection(SolutionConfigurationPlatforms) = preSolution
		Debug|Any CPU = Debug|Any CPU
		Release|Any CPU = Release|Any CPU
	EndGlobalSection
	GlobalSection(ProjectConfigurationPlatforms) = postSolution
		{EFBBE335-819A-436C-8793-D4743A05C427}.Debug|Any CPU.ActiveCfg = Debug|Any CPU
		{EFBBE335-819A-436C-8793-D4743A05C427}.Debug|Any CPU.Build.0 = Debug|Any CPU
		{EFBBE335-819A-436C-8793-D4743A05C427}.Release|Any CPU.ActiveCfg = Release|Any CPU
		{EFBBE335-819A-436C-8793-D4743A05C427}.Release|Any CPU.Build.0 = Release|Any CPU
	EndGlobalSection
	GlobalSection(SolutionProperties) = preSolution
		HideSolutionNode = FALSE
	EndGlobalSection
	GlobalSection(ExtensibilityGlobals) = postSolution
		SolutionGuid = {FEE71C95-C7E7-4EB6-BF4B-A20602E44CEB}
	EndGlobalSection
EndGlobal
